// !$*UTF8*$!
{
	archiveVersion = 1;
	classes = {
	};
	objectVersion = 46;
	objects = {

/* Begin PBXBuildFile section */
		572FA71B1D2BEA0100BE106D /* RatingControl.swift in Sources */ = {isa = PBXBuildFile; fileRef = 572FA71A1D2BEA0100BE106D /* RatingControl.swift */; };
		572FA71D1D2CD3BE00BE106D /* Track.swift in Sources */ = {isa = PBXBuildFile; fileRef = 572FA71C1D2CD3BE00BE106D /* Track.swift */; };
		572FA71E1D2CD3BE00BE106D /* Track.swift in Sources */ = {isa = PBXBuildFile; fileRef = 572FA71C1D2CD3BE00BE106D /* Track.swift */; };
		572FA7201D2CDA9500BE106D /* TrackTableViewCell.swift in Sources */ = {isa = PBXBuildFile; fileRef = 572FA71F1D2CDA9500BE106D /* TrackTableViewCell.swift */; };
		572FA7221D2CE24B00BE106D /* TrackTableViewController.swift in Sources */ = {isa = PBXBuildFile; fileRef = 572FA7211D2CE24B00BE106D /* TrackTableViewController.swift */; };
		5771C43B1D2BA6E300F9B530 /* AppDelegate.swift in Sources */ = {isa = PBXBuildFile; fileRef = 5771C43A1D2BA6E300F9B530 /* AppDelegate.swift */; };
		5771C43D1D2BA6E300F9B530 /* TrackViewController.swift in Sources */ = {isa = PBXBuildFile; fileRef = 5771C43C1D2BA6E300F9B530 /* TrackViewController.swift */; };
		5771C4401D2BA6E300F9B530 /* Main.storyboard in Resources */ = {isa = PBXBuildFile; fileRef = 5771C43E1D2BA6E300F9B530 /* Main.storyboard */; };
		5771C4431D2BA6E300F9B530 /* F_Music.xcdatamodeld in Sources */ = {isa = PBXBuildFile; fileRef = 5771C4411D2BA6E300F9B530 /* F_Music.xcdatamodeld */; };
		5771C4451D2BA6E300F9B530 /* Assets.xcassets in Resources */ = {isa = PBXBuildFile; fileRef = 5771C4441D2BA6E300F9B530 /* Assets.xcassets */; };
		5771C4481D2BA6E300F9B530 /* LaunchScreen.storyboard in Resources */ = {isa = PBXBuildFile; fileRef = 5771C4461D2BA6E300F9B530 /* LaunchScreen.storyboard */; };
		5771C4531D2BA6E300F9B530 /* F_MusicTests.swift in Sources */ = {isa = PBXBuildFile; fileRef = 5771C4521D2BA6E300F9B530 /* F_MusicTests.swift */; };
		5771C45E1D2BA6E400F9B530 /* F_MusicUITests.swift in Sources */ = {isa = PBXBuildFile; fileRef = 5771C45D1D2BA6E400F9B530 /* F_MusicUITests.swift */; };
		57E444FB1D301E80007C96D5 /* LoremSwiftum.framework in Frameworks */ = {isa = PBXBuildFile; fileRef = 57E444F81D301C5C007C96D5 /* LoremSwiftum.framework */; };
		57E444FC1D301E80007C96D5 /* LoremSwiftum.framework in Embed Frameworks */ = {isa = PBXBuildFile; fileRef = 57E444F81D301C5C007C96D5 /* LoremSwiftum.framework */; settings = {ATTRIBUTES = (CodeSignOnCopy, RemoveHeadersOnCopy, ); }; };
/* End PBXBuildFile section */

/* Begin PBXContainerItemProxy section */
		5771C44F1D2BA6E300F9B530 /* PBXContainerItemProxy */ = {
			isa = PBXContainerItemProxy;
			containerPortal = 5771C42F1D2BA6E300F9B530 /* Project object */;
			proxyType = 1;
			remoteGlobalIDString = 5771C4361D2BA6E300F9B530;
			remoteInfo = "F-Music";
		};
		5771C45A1D2BA6E400F9B530 /* PBXContainerItemProxy */ = {
			isa = PBXContainerItemProxy;
			containerPortal = 5771C42F1D2BA6E300F9B530 /* Project object */;
			proxyType = 1;
			remoteGlobalIDString = 5771C4361D2BA6E300F9B530;
			remoteInfo = "F-Music";
		};
/* End PBXContainerItemProxy section */

/* Begin PBXCopyFilesBuildPhase section */
		57E444FD1D301E81007C96D5 /* Embed Frameworks */ = {
			isa = PBXCopyFilesBuildPhase;
			buildActionMask = 2147483647;
			dstPath = "";
			dstSubfolderSpec = 10;
			files = (
				57E444FC1D301E80007C96D5 /* LoremSwiftum.framework in Embed Frameworks */,
			);
			name = "Embed Frameworks";
			runOnlyForDeploymentPostprocessing = 0;
		};
/* End PBXCopyFilesBuildPhase section */

/* Begin PBXFileReference section */
		572FA71A1D2BEA0100BE106D /* RatingControl.swift */ = {isa = PBXFileReference; fileEncoding = 4; lastKnownFileType = sourcecode.swift; path = RatingControl.swift; sourceTree = "<group>"; };
		572FA71C1D2CD3BE00BE106D /* Track.swift */ = {isa = PBXFileReference; fileEncoding = 4; lastKnownFileType = sourcecode.swift; path = Track.swift; sourceTree = "<group>"; };
		572FA71F1D2CDA9500BE106D /* TrackTableViewCell.swift */ = {isa = PBXFileReference; fileEncoding = 4; lastKnownFileType = sourcecode.swift; path = TrackTableViewCell.swift; sourceTree = "<group>"; };
		572FA7211D2CE24B00BE106D /* TrackTableViewController.swift */ = {isa = PBXFileReference; fileEncoding = 4; lastKnownFileType = sourcecode.swift; path = TrackTableViewController.swift; sourceTree = "<group>"; };
		5771C4371D2BA6E300F9B530 /* F-Music.app */ = {isa = PBXFileReference; explicitFileType = wrapper.application; includeInIndex = 0; path = "F-Music.app"; sourceTree = BUILT_PRODUCTS_DIR; };
		5771C43A1D2BA6E300F9B530 /* AppDelegate.swift */ = {isa = PBXFileReference; lastKnownFileType = sourcecode.swift; path = AppDelegate.swift; sourceTree = "<group>"; };
		5771C43C1D2BA6E300F9B530 /* TrackViewController.swift */ = {isa = PBXFileReference; lastKnownFileType = sourcecode.swift; path = TrackViewController.swift; sourceTree = "<group>"; };
		5771C43F1D2BA6E300F9B530 /* Base */ = {isa = PBXFileReference; lastKnownFileType = file.storyboard; name = Base; path = Base.lproj/Main.storyboard; sourceTree = "<group>"; };
		5771C4421D2BA6E300F9B530 /* F_Music.xcdatamodel */ = {isa = PBXFileReference; lastKnownFileType = wrapper.xcdatamodel; path = F_Music.xcdatamodel; sourceTree = "<group>"; };
		5771C4441D2BA6E300F9B530 /* Assets.xcassets */ = {isa = PBXFileReference; lastKnownFileType = folder.assetcatalog; path = Assets.xcassets; sourceTree = "<group>"; };
		5771C4471D2BA6E300F9B530 /* Base */ = {isa = PBXFileReference; lastKnownFileType = file.storyboard; name = Base; path = Base.lproj/LaunchScreen.storyboard; sourceTree = "<group>"; };
		5771C4491D2BA6E300F9B530 /* Info.plist */ = {isa = PBXFileReference; lastKnownFileType = text.plist.xml; path = Info.plist; sourceTree = "<group>"; };
		5771C44E1D2BA6E300F9B530 /* F-MusicTests.xctest */ = {isa = PBXFileReference; explicitFileType = wrapper.cfbundle; includeInIndex = 0; path = "F-MusicTests.xctest"; sourceTree = BUILT_PRODUCTS_DIR; };
		5771C4521D2BA6E300F9B530 /* F_MusicTests.swift */ = {isa = PBXFileReference; lastKnownFileType = sourcecode.swift; path = F_MusicTests.swift; sourceTree = "<group>"; };
		5771C4541D2BA6E300F9B530 /* Info.plist */ = {isa = PBXFileReference; lastKnownFileType = text.plist.xml; path = Info.plist; sourceTree = "<group>"; };
		5771C4591D2BA6E400F9B530 /* F-MusicUITests.xctest */ = {isa = PBXFileReference; explicitFileType = wrapper.cfbundle; includeInIndex = 0; path = "F-MusicUITests.xctest"; sourceTree = BUILT_PRODUCTS_DIR; };
		5771C45D1D2BA6E400F9B530 /* F_MusicUITests.swift */ = {isa = PBXFileReference; lastKnownFileType = sourcecode.swift; path = F_MusicUITests.swift; sourceTree = "<group>"; };
		5771C45F1D2BA6E400F9B530 /* Info.plist */ = {isa = PBXFileReference; lastKnownFileType = text.plist.xml; path = Info.plist; sourceTree = "<group>"; };
		57E444F81D301C5C007C96D5 /* LoremSwiftum.framework */ = {isa = PBXFileReference; lastKnownFileType = wrapper.framework; name = LoremSwiftum.framework; path = Carthage/Build/iOS/LoremSwiftum.framework; sourceTree = "<group>"; };
/* End PBXFileReference section */

/* Begin PBXFrameworksBuildPhase section */
		5771C4341D2BA6E300F9B530 /* Frameworks */ = {
			isa = PBXFrameworksBuildPhase;
			buildActionMask = 2147483647;
			files = (
				57E444FB1D301E80007C96D5 /* LoremSwiftum.framework in Frameworks */,
			);
			runOnlyForDeploymentPostprocessing = 0;
		};
		5771C44B1D2BA6E300F9B530 /* Frameworks */ = {
			isa = PBXFrameworksBuildPhase;
			buildActionMask = 2147483647;
			files = (
			);
			runOnlyForDeploymentPostprocessing = 0;
		};
		5771C4561D2BA6E400F9B530 /* Frameworks */ = {
			isa = PBXFrameworksBuildPhase;
			buildActionMask = 2147483647;
			files = (
			);
			runOnlyForDeploymentPostprocessing = 0;
		};
/* End PBXFrameworksBuildPhase section */

/* Begin PBXGroup section */
		5771C42E1D2BA6E300F9B530 = {
			isa = PBXGroup;
			children = (
				57E444F81D301C5C007C96D5 /* LoremSwiftum.framework */,
				5771C4391D2BA6E300F9B530 /* F-Music */,
				5771C4511D2BA6E300F9B530 /* F-MusicTests */,
				5771C45C1D2BA6E400F9B530 /* F-MusicUITests */,
				5771C4381D2BA6E300F9B530 /* Products */,
			);
			sourceTree = "<group>";
		};
		5771C4381D2BA6E300F9B530 /* Products */ = {
			isa = PBXGroup;
			children = (
				5771C4371D2BA6E300F9B530 /* F-Music.app */,
				5771C44E1D2BA6E300F9B530 /* F-MusicTests.xctest */,
				5771C4591D2BA6E400F9B530 /* F-MusicUITests.xctest */,
			);
			name = Products;
			sourceTree = "<group>";
		};
		5771C4391D2BA6E300F9B530 /* F-Music */ = {
			isa = PBXGroup;
			children = (
				5771C43A1D2BA6E300F9B530 /* AppDelegate.swift */,
				5771C43C1D2BA6E300F9B530 /* TrackViewController.swift */,
				5771C43E1D2BA6E300F9B530 /* Main.storyboard */,
				572FA7211D2CE24B00BE106D /* TrackTableViewController.swift */,
				572FA71F1D2CDA9500BE106D /* TrackTableViewCell.swift */,
				572FA71C1D2CD3BE00BE106D /* Track.swift */,
				572FA71A1D2BEA0100BE106D /* RatingControl.swift */,
				5771C4441D2BA6E300F9B530 /* Assets.xcassets */,
				5771C4461D2BA6E300F9B530 /* LaunchScreen.storyboard */,
				5771C4491D2BA6E300F9B530 /* Info.plist */,
				5771C4411D2BA6E300F9B530 /* F_Music.xcdatamodeld */,
			);
			path = "F-Music";
			sourceTree = "<group>";
		};
		5771C4511D2BA6E300F9B530 /* F-MusicTests */ = {
			isa = PBXGroup;
			children = (
				5771C4521D2BA6E300F9B530 /* F_MusicTests.swift */,
				5771C4541D2BA6E300F9B530 /* Info.plist */,
			);
			path = "F-MusicTests";
			sourceTree = "<group>";
		};
		5771C45C1D2BA6E400F9B530 /* F-MusicUITests */ = {
			isa = PBXGroup;
			children = (
				5771C45D1D2BA6E400F9B530 /* F_MusicUITests.swift */,
				5771C45F1D2BA6E400F9B530 /* Info.plist */,
			);
			path = "F-MusicUITests";
			sourceTree = "<group>";
		};
/* End PBXGroup section */

/* Begin PBXNativeTarget section */
		5771C4361D2BA6E300F9B530 /* F-Music */ = {
			isa = PBXNativeTarget;
			buildConfigurationList = 5771C4621D2BA6E400F9B530 /* Build configuration list for PBXNativeTarget "F-Music" */;
			buildPhases = (
				5771C4331D2BA6E300F9B530 /* Sources */,
				5771C4341D2BA6E300F9B530 /* Frameworks */,
				5771C4351D2BA6E300F9B530 /* Resources */,
				57E444FD1D301E81007C96D5 /* Embed Frameworks */,
				57E444FE1D301EB6007C96D5 /* ShellScript */,
			);
			buildRules = (
			);
			dependencies = (
			);
			name = "F-Music";
			productName = "F-Music";
			productReference = 5771C4371D2BA6E300F9B530 /* F-Music.app */;
			productType = "com.apple.product-type.application";
		};
		5771C44D1D2BA6E300F9B530 /* F-MusicTests */ = {
			isa = PBXNativeTarget;
			buildConfigurationList = 5771C4651D2BA6E400F9B530 /* Build configuration list for PBXNativeTarget "F-MusicTests" */;
			buildPhases = (
				5771C44A1D2BA6E300F9B530 /* Sources */,
				5771C44B1D2BA6E300F9B530 /* Frameworks */,
				5771C44C1D2BA6E300F9B530 /* Resources */,
			);
			buildRules = (
			);
			dependencies = (
				5771C4501D2BA6E300F9B530 /* PBXTargetDependency */,
			);
			name = "F-MusicTests";
			productName = "F-MusicTests";
			productReference = 5771C44E1D2BA6E300F9B530 /* F-MusicTests.xctest */;
			productType = "com.apple.product-type.bundle.unit-test";
		};
		5771C4581D2BA6E400F9B530 /* F-MusicUITests */ = {
			isa = PBXNativeTarget;
			buildConfigurationList = 5771C4681D2BA6E400F9B530 /* Build configuration list for PBXNativeTarget "F-MusicUITests" */;
			buildPhases = (
				5771C4551D2BA6E400F9B530 /* Sources */,
				5771C4561D2BA6E400F9B530 /* Frameworks */,
				5771C4571D2BA6E400F9B530 /* Resources */,
			);
			buildRules = (
			);
			dependencies = (
				5771C45B1D2BA6E400F9B530 /* PBXTargetDependency */,
			);
			name = "F-MusicUITests";
			productName = "F-MusicUITests";
			productReference = 5771C4591D2BA6E400F9B530 /* F-MusicUITests.xctest */;
			productType = "com.apple.product-type.bundle.ui-testing";
		};
/* End PBXNativeTarget section */

/* Begin PBXProject section */
		5771C42F1D2BA6E300F9B530 /* Project object */ = {
			isa = PBXProject;
			attributes = {
				LastSwiftUpdateCheck = 0730;
				LastUpgradeCheck = 0730;
				ORGANIZATIONNAME = "Alexander Roschin";
				TargetAttributes = {
					5771C4361D2BA6E300F9B530 = {
						CreatedOnToolsVersion = 7.3.1;
					};
					5771C44D1D2BA6E300F9B530 = {
						CreatedOnToolsVersion = 7.3.1;
						TestTargetID = 5771C4361D2BA6E300F9B530;
					};
					5771C4581D2BA6E400F9B530 = {
						CreatedOnToolsVersion = 7.3.1;
						TestTargetID = 5771C4361D2BA6E300F9B530;
					};
				};
			};
			buildConfigurationList = 5771C4321D2BA6E300F9B530 /* Build configuration list for PBXProject "F-Music" */;
			compatibilityVersion = "Xcode 3.2";
			developmentRegion = English;
			hasScannedForEncodings = 0;
			knownRegions = (
				en,
				Base,
			);
			mainGroup = 5771C42E1D2BA6E300F9B530;
			productRefGroup = 5771C4381D2BA6E300F9B530 /* Products */;
			projectDirPath = "";
			projectRoot = "";
			targets = (
				5771C4361D2BA6E300F9B530 /* F-Music */,
				5771C44D1D2BA6E300F9B530 /* F-MusicTests */,
				5771C4581D2BA6E400F9B530 /* F-MusicUITests */,
			);
		};
/* End PBXProject section */

/* Begin PBXResourcesBuildPhase section */
		5771C4351D2BA6E300F9B530 /* Resources */ = {
			isa = PBXResourcesBuildPhase;
			buildActionMask = 2147483647;
			files = (
				5771C4481D2BA6E300F9B530 /* LaunchScreen.storyboard in Resources */,
				5771C4451D2BA6E300F9B530 /* Assets.xcassets in Resources */,
				5771C4401D2BA6E300F9B530 /* Main.storyboard in Resources */,
			);
			runOnlyForDeploymentPostprocessing = 0;
		};
		5771C44C1D2BA6E300F9B530 /* Resources */ = {
			isa = PBXResourcesBuildPhase;
			buildActionMask = 2147483647;
			files = (
			);
			runOnlyForDeploymentPostprocessing = 0;
		};
		5771C4571D2BA6E400F9B530 /* Resources */ = {
			isa = PBXResourcesBuildPhase;
			buildActionMask = 2147483647;
			files = (
			);
			runOnlyForDeploymentPostprocessing = 0;
		};
/* End PBXResourcesBuildPhase section */

/* Begin PBXShellScriptBuildPhase section */
		57E444FE1D301EB6007C96D5 /* ShellScript */ = {
			isa = PBXShellScriptBuildPhase;
			buildActionMask = 2147483647;
			files = (
			);
			inputPaths = (
				"$(SRCROOT)//Carthage/Build/iOS/LoremSwiftum.framework",
			);
			outputPaths = (
			);
			runOnlyForDeploymentPostprocessing = 0;
			shellPath = /bin/sh;
			shellScript = "/usr/local/bin/carthage copy-frameworks";
		};
/* End PBXShellScriptBuildPhase section */

/* Begin PBXSourcesBuildPhase section */
		5771C4331D2BA6E300F9B530 /* Sources */ = {
			isa = PBXSourcesBuildPhase;
			buildActionMask = 2147483647;
			files = (
				572FA71B1D2BEA0100BE106D /* RatingControl.swift in Sources */,
				572FA7201D2CDA9500BE106D /* TrackTableViewCell.swift in Sources */,
				572FA7221D2CE24B00BE106D /* TrackTableViewController.swift in Sources */,
				572FA71D1D2CD3BE00BE106D /* Track.swift in Sources */,
				5771C4431D2BA6E300F9B530 /* F_Music.xcdatamodeld in Sources */,
				5771C43D1D2BA6E300F9B530 /* TrackViewController.swift in Sources */,
				5771C43B1D2BA6E300F9B530 /* AppDelegate.swift in Sources */,
			);
			runOnlyForDeploymentPostprocessing = 0;
		};
		5771C44A1D2BA6E300F9B530 /* Sources */ = {
			isa = PBXSourcesBuildPhase;
			buildActionMask = 2147483647;
			files = (
				5771C4531D2BA6E300F9B530 /* F_MusicTests.swift in Sources */,
				572FA71E1D2CD3BE00BE106D /* Track.swift in Sources */,
			);
			runOnlyForDeploymentPostprocessing = 0;
		};
		5771C4551D2BA6E400F9B530 /* Sources */ = {
			isa = PBXSourcesBuildPhase;
			buildActionMask = 2147483647;
			files = (
				5771C45E1D2BA6E400F9B530 /* F_MusicUITests.swift in Sources */,
			);
			runOnlyForDeploymentPostprocessing = 0;
		};
/* End PBXSourcesBuildPhase section */

/* Begin PBXTargetDependency section */
		5771C4501D2BA6E300F9B530 /* PBXTargetDependency */ = {
			isa = PBXTargetDependency;
			target = 5771C4361D2BA6E300F9B530 /* F-Music */;
			targetProxy = 5771C44F1D2BA6E300F9B530 /* PBXContainerItemProxy */;
		};
		5771C45B1D2BA6E400F9B530 /* PBXTargetDependency */ = {
			isa = PBXTargetDependency;
			target = 5771C4361D2BA6E300F9B530 /* F-Music */;
			targetProxy = 5771C45A1D2BA6E400F9B530 /* PBXContainerItemProxy */;
		};
/* End PBXTargetDependency section */

/* Begin PBXVariantGroup section */
		5771C43E1D2BA6E300F9B530 /* Main.storyboard */ = {
			isa = PBXVariantGroup;
			children = (
				5771C43F1D2BA6E300F9B530 /* Base */,
			);
			name = Main.storyboard;
			sourceTree = "<group>";
		};
		5771C4461D2BA6E300F9B530 /* LaunchScreen.storyboard */ = {
			isa = PBXVariantGroup;
			children = (
				5771C4471D2BA6E300F9B530 /* Base */,
			);
			name = LaunchScreen.storyboard;
			sourceTree = "<group>";
		};
/* End PBXVariantGroup section */

/* Begin XCBuildConfiguration section */
		5771C4601D2BA6E400F9B530 /* Debug */ = {
			isa = XCBuildConfiguration;
			buildSettings = {
				ALWAYS_SEARCH_USER_PATHS = NO;
				CLANG_ANALYZER_NONNULL = YES;
				CLANG_CXX_LANGUAGE_STANDARD = "gnu++0x";
				CLANG_CXX_LIBRARY = "libc++";
				CLANG_ENABLE_MODULES = YES;
				CLANG_ENABLE_OBJC_ARC = YES;
				CLANG_WARN_BOOL_CONVERSION = YES;
				CLANG_WARN_CONSTANT_CONVERSION = YES;
				CLANG_WARN_DIRECT_OBJC_ISA_USAGE = YES_ERROR;
				CLANG_WARN_EMPTY_BODY = YES;
				CLANG_WARN_ENUM_CONVERSION = YES;
				CLANG_WARN_INT_CONVERSION = YES;
				CLANG_WARN_OBJC_ROOT_CLASS = YES_ERROR;
				CLANG_WARN_UNREACHABLE_CODE = YES;
				CLANG_WARN__DUPLICATE_METHOD_MATCH = YES;
				"CODE_SIGN_IDENTITY[sdk=iphoneos*]" = "iPhone Developer";
				COPY_PHASE_STRIP = NO;
				DEBUG_INFORMATION_FORMAT = dwarf;
				ENABLE_STRICT_OBJC_MSGSEND = YES;
				ENABLE_TESTABILITY = YES;
				GCC_C_LANGUAGE_STANDARD = gnu99;
				GCC_DYNAMIC_NO_PIC = NO;
				GCC_NO_COMMON_BLOCKS = YES;
				GCC_OPTIMIZATION_LEVEL = 0;
				GCC_PREPROCESSOR_DEFINITIONS = (
					"DEBUG=1",
					"$(inherited)",
				);
				GCC_WARN_64_TO_32_BIT_CONVERSION = YES;
				GCC_WARN_ABOUT_RETURN_TYPE = YES_ERROR;
				GCC_WARN_UNDECLARED_SELECTOR = YES;
				GCC_WARN_UNINITIALIZED_AUTOS = YES_AGGRESSIVE;
				GCC_WARN_UNUSED_FUNCTION = YES;
				GCC_WARN_UNUSED_VARIABLE = YES;
				IPHONEOS_DEPLOYMENT_TARGET = 9.3;
				MTL_ENABLE_DEBUG_INFO = YES;
				ONLY_ACTIVE_ARCH = YES;
				SDKROOT = iphoneos;
				SWIFT_OPTIMIZATION_LEVEL = "-Onone";
				TARGETED_DEVICE_FAMILY = "1,2";
			};
			name = Debug;
		};
		5771C4611D2BA6E400F9B530 /* Release */ = {
			isa = XCBuildConfiguration;
			buildSettings = {
				ALWAYS_SEARCH_USER_PATHS = NO;
				CLANG_ANALYZER_NONNULL = YES;
				CLANG_CXX_LANGUAGE_STANDARD = "gnu++0x";
				CLANG_CXX_LIBRARY = "libc++";
				CLANG_ENABLE_MODULES = YES;
				CLANG_ENABLE_OBJC_ARC = YES;
				CLANG_WARN_BOOL_CONVERSION = YES;
				CLANG_WARN_CONSTANT_CONVERSION = YES;
				CLANG_WARN_DIRECT_OBJC_ISA_USAGE = YES_ERROR;
				CLANG_WARN_EMPTY_BODY = YES;
				CLANG_WARN_ENUM_CONVERSION = YES;
				CLANG_WARN_INT_CONVERSION = YES;
				CLANG_WARN_OBJC_ROOT_CLASS = YES_ERROR;
				CLANG_WARN_UNREACHABLE_CODE = YES;
				CLANG_WARN__DUPLICATE_METHOD_MATCH = YES;
				"CODE_SIGN_IDENTITY[sdk=iphoneos*]" = "iPhone Developer";
				COPY_PHASE_STRIP = NO;
				DEBUG_INFORMATION_FORMAT = "dwarf-with-dsym";
				ENABLE_NS_ASSERTIONS = NO;
				ENABLE_STRICT_OBJC_MSGSEND = YES;
				GCC_C_LANGUAGE_STANDARD = gnu99;
				GCC_NO_COMMON_BLOCKS = YES;
				GCC_WARN_64_TO_32_BIT_CONVERSION = YES;
				GCC_WARN_ABOUT_RETURN_TYPE = YES_ERROR;
				GCC_WARN_UNDECLARED_SELECTOR = YES;
				GCC_WARN_UNINITIALIZED_AUTOS = YES_AGGRESSIVE;
				GCC_WARN_UNUSED_FUNCTION = YES;
				GCC_WARN_UNUSED_VARIABLE = YES;
				IPHONEOS_DEPLOYMENT_TARGET = 9.3;
				MTL_ENABLE_DEBUG_INFO = NO;
				SDKROOT = iphoneos;
				TARGETED_DEVICE_FAMILY = "1,2";
				VALIDATE_PRODUCT = YES;
			};
			name = Release;
		};
		5771C4631D2BA6E400F9B530 /* Debug */ = {
			isa = XCBuildConfiguration;
			buildSettings = {
				ASSETCATALOG_COMPILER_APPICON_NAME = AppIcon;
				FRAMEWORK_SEARCH_PATHS = (
					"$(inherited)",
					"$(PROJECT_DIR)/Carthage/Build/iOS",
				);
				INFOPLIST_FILE = "F-Music/Info.plist";
				LD_RUNPATH_SEARCH_PATHS = "$(inherited) @executable_path/Frameworks";
				PRODUCT_BUNDLE_IDENTIFIER = "com.example.F-Music";
				PRODUCT_NAME = "$(TARGET_NAME)";
			};
			name = Debug;
		};
		5771C4641D2BA6E400F9B530 /* Release */ = {
			isa = XCBuildConfiguration;
			buildSettings = {
				ASSETCATALOG_COMPILER_APPICON_NAME = AppIcon;
				FRAMEWORK_SEARCH_PATHS = (
					"$(inherited)",
					"$(PROJECT_DIR)/Carthage/Build/iOS",
				);
				INFOPLIST_FILE = "F-Music/Info.plist";
				LD_RUNPATH_SEARCH_PATHS = "$(inherited) @executable_path/Frameworks";
				PRODUCT_BUNDLE_IDENTIFIER = "com.example.F-Music";
				PRODUCT_NAME = "$(TARGET_NAME)";
			};
			name = Release;
		};
		5771C4661D2BA6E400F9B530 /* Debug */ = {
			isa = XCBuildConfiguration;
			buildSettings = {
				BUNDLE_LOADER = "$(TEST_HOST)";
				INFOPLIST_FILE = "F-MusicTests/Info.plist";
				LD_RUNPATH_SEARCH_PATHS = "$(inherited) @executable_path/Frameworks @loader_path/Frameworks";
				PRODUCT_BUNDLE_IDENTIFIER = "com.example.F-MusicTests";
				PRODUCT_NAME = "$(TARGET_NAME)";
				TEST_HOST = "$(BUILT_PRODUCTS_DIR)/F-Music.app/F-Music";
			};
			name = Debug;
		};
		5771C4671D2BA6E400F9B530 /* Release */ = {
			isa = XCBuildConfiguration;
			buildSettings = {
				BUNDLE_LOADER = "$(TEST_HOST)";
				INFOPLIST_FILE = "F-MusicTests/Info.plist";
				LD_RUNPATH_SEARCH_PATHS = "$(inherited) @executable_path/Frameworks @loader_path/Frameworks";
				PRODUCT_BUNDLE_IDENTIFIER = "com.example.F-MusicTests";
				PRODUCT_NAME = "$(TARGET_NAME)";
				TEST_HOST = "$(BUILT_PRODUCTS_DIR)/F-Music.app/F-Music";
			};
			name = Release;
		};
		5771C4691D2BA6E400F9B530 /* Debug */ = {
			isa = XCBuildConfiguration;
			buildSettings = {
				INFOPLIST_FILE = "F-MusicUITests/Info.plist";
				LD_RUNPATH_SEARCH_PATHS = "$(inherited) @executable_path/Frameworks @loader_path/Frameworks";
				PRODUCT_BUNDLE_IDENTIFIER = "com.example.F-MusicUITests";
				PRODUCT_NAME = "$(TARGET_NAME)";
				TEST_TARGET_NAME = "F-Music";
			};
			name = Debug;
		};
		5771C46A1D2BA6E400F9B530 /* Release */ = {
			isa = XCBuildConfiguration;
			buildSettings = {
				INFOPLIST_FILE = "F-MusicUITests/Info.plist";
				LD_RUNPATH_SEARCH_PATHS = "$(inherited) @executable_path/Frameworks @loader_path/Frameworks";
				PRODUCT_BUNDLE_IDENTIFIER = "com.example.F-MusicUITests";
				PRODUCT_NAME = "$(TARGET_NAME)";
				TEST_TARGET_NAME = "F-Music";
			};
			name = Release;
		};
/* End XCBuildConfiguration section */

/* Begin XCConfigurationList section */
		5771C4321D2BA6E300F9B530 /* Build configuration list for PBXProject "F-Music" */ = {
			isa = XCConfigurationList;
			buildConfigurations = (
				5771C4601D2BA6E400F9B530 /* Debug */,
				5771C4611D2BA6E400F9B530 /* Release */,
			);
			defaultConfigurationIsVisible = 0;
			defaultConfigurationName = Release;
		};
		5771C4621D2BA6E400F9B530 /* Build configuration list for PBXNativeTarget "F-Music" */ = {
			isa = XCConfigurationList;
			buildConfigurations = (
				5771C4631D2BA6E400F9B530 /* Debug */,
				5771C4641D2BA6E400F9B530 /* Release */,
			);
			defaultConfigurationIsVisible = 0;
			defaultConfigurationName = Release;
		};
		5771C4651D2BA6E400F9B530 /* Build configuration list for PBXNativeTarget "F-MusicTests" */ = {
			isa = XCConfigurationList;
			buildConfigurations = (
				5771C4661D2BA6E400F9B530 /* Debug */,
				5771C4671D2BA6E400F9B530 /* Release */,
			);
			defaultConfigurationIsVisible = 0;
			defaultConfigurationName = Release;
		};
		5771C4681D2BA6E400F9B530 /* Build configuration list for PBXNativeTarget "F-MusicUITests" */ = {
			isa = XCConfigurationList;
			buildConfigurations = (
				5771C4691D2BA6E400F9B530 /* Debug */,
				5771C46A1D2BA6E400F9B530 /* Release */,
			);
			defaultConfigurationIsVisible = 0;
			defaultConfigurationName = Release;
		};
/* End XCConfigurationList section */

/* Begin XCVersionGroup section */
		5771C4411D2BA6E300F9B530 /* F_Music.xcdatamodeld */ = {
			isa = XCVersionGroup;
			children = (
				5771C4421D2BA6E300F9B530 /* F_Music.xcdatamodel */,
			);
			currentVersion = 5771C4421D2BA6E300F9B530 /* F_Music.xcdatamodel */;
			path = F_Music.xcdatamodeld;
			sourceTree = "<group>";
			versionGroupType = wrapper.xcdatamodel;
		};
/* End XCVersionGroup section */
	};
	rootObject = 5771C42F1D2BA6E300F9B530 /* Project object */;
}
